// !$*UTF8*$!
{
	archiveVersion = 1;
	classes = {
	};
	objectVersion = 50;
	objects = {

/* Begin PBXBuildFile section */
		09BD2057BAFC7B404BD26A76 /* Pods_RxDataSourcesSample.framework in Frameworks */ = {isa = PBXBuildFile; fileRef = 50363A8A3D2C9CB86B480E32 /* Pods_RxDataSourcesSample.framework */; };
		A3508865C3360183E0EB6ADA /* Pods_RxDataSourcesSampleUITests.framework in Frameworks */ = {isa = PBXBuildFile; fileRef = 962ED7B535F48F7C98AE41EA /* Pods_RxDataSourcesSampleUITests.framework */; };
		C26C11D92105738E00B802A3 /* AppDelegate.swift in Sources */ = {isa = PBXBuildFile; fileRef = C26C11D82105738E00B802A3 /* AppDelegate.swift */; };
		C26C11DB2105738E00B802A3 /* ViewController.swift in Sources */ = {isa = PBXBuildFile; fileRef = C26C11DA2105738E00B802A3 /* ViewController.swift */; };
		C26C11DE2105738E00B802A3 /* Main.storyboard in Resources */ = {isa = PBXBuildFile; fileRef = C26C11DC2105738E00B802A3 /* Main.storyboard */; };
		C26C11E02105738E00B802A3 /* Assets.xcassets in Resources */ = {isa = PBXBuildFile; fileRef = C26C11DF2105738E00B802A3 /* Assets.xcassets */; };
		C26C11E32105738E00B802A3 /* LaunchScreen.storyboard in Resources */ = {isa = PBXBuildFile; fileRef = C26C11E12105738E00B802A3 /* LaunchScreen.storyboard */; };
		C26C11EE2105738F00B802A3 /* RxDataSourcesSampleTests.swift in Sources */ = {isa = PBXBuildFile; fileRef = C26C11ED2105738F00B802A3 /* RxDataSourcesSampleTests.swift */; };
		C26C11F92105738F00B802A3 /* RxDataSourcesSampleUITests.swift in Sources */ = {isa = PBXBuildFile; fileRef = C26C11F82105738F00B802A3 /* RxDataSourcesSampleUITests.swift */; };
		E9EC056EC22D83486A11D45A /* Pods_RxDataSourcesSampleTests.framework in Frameworks */ = {isa = PBXBuildFile; fileRef = 966B75F979452EED479594C4 /* Pods_RxDataSourcesSampleTests.framework */; };
/* End PBXBuildFile section */

/* Begin PBXContainerItemProxy section */
		C26C11EA2105738F00B802A3 /* PBXContainerItemProxy */ = {
			isa = PBXContainerItemProxy;
			containerPortal = C26C11CD2105738E00B802A3 /* Project object */;
			proxyType = 1;
			remoteGlobalIDString = C26C11D42105738E00B802A3;
			remoteInfo = RxDataSourcesSample;
		};
		C26C11F52105738F00B802A3 /* PBXContainerItemProxy */ = {
			isa = PBXContainerItemProxy;
			containerPortal = C26C11CD2105738E00B802A3 /* Project object */;
			proxyType = 1;
			remoteGlobalIDString = C26C11D42105738E00B802A3;
			remoteInfo = RxDataSourcesSample;
		};
/* End PBXContainerItemProxy section */

/* Begin PBXFileReference section */
		2465D698909E396B926C6D99 /* Pods-RxDataSourcesSampleUITests.debug.xcconfig */ = {isa = PBXFileReference; includeInIndex = 1; lastKnownFileType = text.xcconfig; name = "Pods-RxDataSourcesSampleUITests.debug.xcconfig"; path = "Pods/Target Support Files/Pods-RxDataSourcesSampleUITests/Pods-RxDataSourcesSampleUITests.debug.xcconfig"; sourceTree = "<group>"; };
		3783F1BAE995D8412D6BB537 /* Pods-RxDataSourcesSample.release.xcconfig */ = {isa = PBXFileReference; includeInIndex = 1; lastKnownFileType = text.xcconfig; name = "Pods-RxDataSourcesSample.release.xcconfig"; path = "Pods/Target Support Files/Pods-RxDataSourcesSample/Pods-RxDataSourcesSample.release.xcconfig"; sourceTree = "<group>"; };
		50363A8A3D2C9CB86B480E32 /* Pods_RxDataSourcesSample.framework */ = {isa = PBXFileReference; explicitFileType = wrapper.framework; includeInIndex = 0; path = Pods_RxDataSourcesSample.framework; sourceTree = BUILT_PRODUCTS_DIR; };
		53640EAF138D58D070597CE7 /* Pods-RxDataSourcesSampleTests.debug.xcconfig */ = {isa = PBXFileReference; includeInIndex = 1; lastKnownFileType = text.xcconfig; name = "Pods-RxDataSourcesSampleTests.debug.xcconfig"; path = "Pods/Target Support Files/Pods-RxDataSourcesSampleTests/Pods-RxDataSourcesSampleTests.debug.xcconfig"; sourceTree = "<group>"; };
		75988A11B1C5194C5607E820 /* Pods-RxDataSourcesSampleUITests.release.xcconfig */ = {isa = PBXFileReference; includeInIndex = 1; lastKnownFileType = text.xcconfig; name = "Pods-RxDataSourcesSampleUITests.release.xcconfig"; path = "Pods/Target Support Files/Pods-RxDataSourcesSampleUITests/Pods-RxDataSourcesSampleUITests.release.xcconfig"; sourceTree = "<group>"; };
		962ED7B535F48F7C98AE41EA /* Pods_RxDataSourcesSampleUITests.framework */ = {isa = PBXFileReference; explicitFileType = wrapper.framework; includeInIndex = 0; path = Pods_RxDataSourcesSampleUITests.framework; sourceTree = BUILT_PRODUCTS_DIR; };
		966B75F979452EED479594C4 /* Pods_RxDataSourcesSampleTests.framework */ = {isa = PBXFileReference; explicitFileType = wrapper.framework; includeInIndex = 0; path = Pods_RxDataSourcesSampleTests.framework; sourceTree = BUILT_PRODUCTS_DIR; };
		A715CC2EFD0E9463F7F487C0 /* Pods-RxDataSourcesSample.debug.xcconfig */ = {isa = PBXFileReference; includeInIndex = 1; lastKnownFileType = text.xcconfig; name = "Pods-RxDataSourcesSample.debug.xcconfig"; path = "Pods/Target Support Files/Pods-RxDataSourcesSample/Pods-RxDataSourcesSample.debug.xcconfig"; sourceTree = "<group>"; };
		C26C11D52105738E00B802A3 /* RxDataSourcesSample.app */ = {isa = PBXFileReference; explicitFileType = wrapper.application; includeInIndex = 0; path = RxDataSourcesSample.app; sourceTree = BUILT_PRODUCTS_DIR; };
		C26C11D82105738E00B802A3 /* AppDelegate.swift */ = {isa = PBXFileReference; lastKnownFileType = sourcecode.swift; path = AppDelegate.swift; sourceTree = "<group>"; };
		C26C11DA2105738E00B802A3 /* ViewController.swift */ = {isa = PBXFileReference; lastKnownFileType = sourcecode.swift; path = ViewController.swift; sourceTree = "<group>"; };
		C26C11DD2105738E00B802A3 /* Base */ = {isa = PBXFileReference; lastKnownFileType = file.storyboard; name = Base; path = Base.lproj/Main.storyboard; sourceTree = "<group>"; };
		C26C11DF2105738E00B802A3 /* Assets.xcassets */ = {isa = PBXFileReference; lastKnownFileType = folder.assetcatalog; path = Assets.xcassets; sourceTree = "<group>"; };
		C26C11E22105738E00B802A3 /* Base */ = {isa = PBXFileReference; lastKnownFileType = file.storyboard; name = Base; path = Base.lproj/LaunchScreen.storyboard; sourceTree = "<group>"; };
		C26C11E42105738E00B802A3 /* Info.plist */ = {isa = PBXFileReference; lastKnownFileType = text.plist.xml; path = Info.plist; sourceTree = "<group>"; };
		C26C11E92105738F00B802A3 /* RxDataSourcesSampleTests.xctest */ = {isa = PBXFileReference; explicitFileType = wrapper.cfbundle; includeInIndex = 0; path = RxDataSourcesSampleTests.xctest; sourceTree = BUILT_PRODUCTS_DIR; };
		C26C11ED2105738F00B802A3 /* RxDataSourcesSampleTests.swift */ = {isa = PBXFileReference; lastKnownFileType = sourcecode.swift; path = RxDataSourcesSampleTests.swift; sourceTree = "<group>"; };
		C26C11EF2105738F00B802A3 /* Info.plist */ = {isa = PBXFileReference; lastKnownFileType = text.plist.xml; path = Info.plist; sourceTree = "<group>"; };
		C26C11F42105738F00B802A3 /* RxDataSourcesSampleUITests.xctest */ = {isa = PBXFileReference; explicitFileType = wrapper.cfbundle; includeInIndex = 0; path = RxDataSourcesSampleUITests.xctest; sourceTree = BUILT_PRODUCTS_DIR; };
		C26C11F82105738F00B802A3 /* RxDataSourcesSampleUITests.swift */ = {isa = PBXFileReference; lastKnownFileType = sourcecode.swift; path = RxDataSourcesSampleUITests.swift; sourceTree = "<group>"; };
		C26C11FA2105738F00B802A3 /* Info.plist */ = {isa = PBXFileReference; lastKnownFileType = text.plist.xml; path = Info.plist; sourceTree = "<group>"; };
		FE5B4C15296730FAD5232EAC /* Pods-RxDataSourcesSampleTests.release.xcconfig */ = {isa = PBXFileReference; includeInIndex = 1; lastKnownFileType = text.xcconfig; name = "Pods-RxDataSourcesSampleTests.release.xcconfig"; path = "Pods/Target Support Files/Pods-RxDataSourcesSampleTests/Pods-RxDataSourcesSampleTests.release.xcconfig"; sourceTree = "<group>"; };
/* End PBXFileReference section */

/* Begin PBXFrameworksBuildPhase section */
		C26C11D22105738E00B802A3 /* Frameworks */ = {
			isa = PBXFrameworksBuildPhase;
			buildActionMask = 2147483647;
			files = (
				09BD2057BAFC7B404BD26A76 /* Pods_RxDataSourcesSample.framework in Frameworks */,
			);
			runOnlyForDeploymentPostprocessing = 0;
		};
		C26C11E62105738F00B802A3 /* Frameworks */ = {
			isa = PBXFrameworksBuildPhase;
			buildActionMask = 2147483647;
			files = (
				E9EC056EC22D83486A11D45A /* Pods_RxDataSourcesSampleTests.framework in Frameworks */,
			);
			runOnlyForDeploymentPostprocessing = 0;
		};
		C26C11F12105738F00B802A3 /* Frameworks */ = {
			isa = PBXFrameworksBuildPhase;
			buildActionMask = 2147483647;
			files = (
				A3508865C3360183E0EB6ADA /* Pods_RxDataSourcesSampleUITests.framework in Frameworks */,
			);
			runOnlyForDeploymentPostprocessing = 0;
		};
/* End PBXFrameworksBuildPhase section */

/* Begin PBXGroup section */
		C26C11CC2105738E00B802A3 = {
			isa = PBXGroup;
			children = (
				C26C11D72105738E00B802A3 /* RxDataSourcesSample */,
				C26C11EC2105738F00B802A3 /* RxDataSourcesSampleTests */,
				C26C11F72105738F00B802A3 /* RxDataSourcesSampleUITests */,
				C26C11D62105738E00B802A3 /* Products */,
				E7CE5F935D15E3F1060CAB49 /* Pods */,
				F35BD93464F19351DA1C03D0 /* Frameworks */,
			);
			sourceTree = "<group>";
		};
		C26C11D62105738E00B802A3 /* Products */ = {
			isa = PBXGroup;
			children = (
				C26C11D52105738E00B802A3 /* RxDataSourcesSample.app */,
				C26C11E92105738F00B802A3 /* RxDataSourcesSampleTests.xctest */,
				C26C11F42105738F00B802A3 /* RxDataSourcesSampleUITests.xctest */,
			);
			name = Products;
			sourceTree = "<group>";
		};
		C26C11D72105738E00B802A3 /* RxDataSourcesSample */ = {
			isa = PBXGroup;
			children = (
				C26C11D82105738E00B802A3 /* AppDelegate.swift */,
				C26C11DA2105738E00B802A3 /* ViewController.swift */,
				C26C11DC2105738E00B802A3 /* Main.storyboard */,
				C26C11DF2105738E00B802A3 /* Assets.xcassets */,
				C26C11E12105738E00B802A3 /* LaunchScreen.storyboard */,
				C26C11E42105738E00B802A3 /* Info.plist */,
			);
			path = RxDataSourcesSample;
			sourceTree = "<group>";
		};
		C26C11EC2105738F00B802A3 /* RxDataSourcesSampleTests */ = {
			isa = PBXGroup;
			children = (
				C26C11ED2105738F00B802A3 /* RxDataSourcesSampleTests.swift */,
				C26C11EF2105738F00B802A3 /* Info.plist */,
			);
			path = RxDataSourcesSampleTests;
			sourceTree = "<group>";
		};
		C26C11F72105738F00B802A3 /* RxDataSourcesSampleUITests */ = {
			isa = PBXGroup;
			children = (
				C26C11F82105738F00B802A3 /* RxDataSourcesSampleUITests.swift */,
				C26C11FA2105738F00B802A3 /* Info.plist */,
			);
			path = RxDataSourcesSampleUITests;
			sourceTree = "<group>";
		};
		E7CE5F935D15E3F1060CAB49 /* Pods */ = {
			isa = PBXGroup;
			children = (
				A715CC2EFD0E9463F7F487C0 /* Pods-RxDataSourcesSample.debug.xcconfig */,
				3783F1BAE995D8412D6BB537 /* Pods-RxDataSourcesSample.release.xcconfig */,
				53640EAF138D58D070597CE7 /* Pods-RxDataSourcesSampleTests.debug.xcconfig */,
				FE5B4C15296730FAD5232EAC /* Pods-RxDataSourcesSampleTests.release.xcconfig */,
				2465D698909E396B926C6D99 /* Pods-RxDataSourcesSampleUITests.debug.xcconfig */,
				75988A11B1C5194C5607E820 /* Pods-RxDataSourcesSampleUITests.release.xcconfig */,
			);
			name = Pods;
			sourceTree = "<group>";
		};
		F35BD93464F19351DA1C03D0 /* Frameworks */ = {
			isa = PBXGroup;
			children = (
				50363A8A3D2C9CB86B480E32 /* Pods_RxDataSourcesSample.framework */,
				966B75F979452EED479594C4 /* Pods_RxDataSourcesSampleTests.framework */,
				962ED7B535F48F7C98AE41EA /* Pods_RxDataSourcesSampleUITests.framework */,
			);
			name = Frameworks;
			sourceTree = "<group>";
		};
/* End PBXGroup section */

/* Begin PBXNativeTarget section */
		C26C11D42105738E00B802A3 /* RxDataSourcesSample */ = {
			isa = PBXNativeTarget;
			buildConfigurationList = C26C11FD2105738F00B802A3 /* Build configuration list for PBXNativeTarget "RxDataSourcesSample" */;
			buildPhases = (
				36AF09DAA2A8AC08C4036AEB /* [CP] Check Pods Manifest.lock */,
				C26C11D12105738E00B802A3 /* Sources */,
				C26C11D22105738E00B802A3 /* Frameworks */,
				C26C11D32105738E00B802A3 /* Resources */,
				2C953A45E1EFF349F049F411 /* [CP] Embed Pods Frameworks */,
			);
			buildRules = (
			);
			dependencies = (
			);
			name = RxDataSourcesSample;
			productName = RxDataSourcesSample;
			productReference = C26C11D52105738E00B802A3 /* RxDataSourcesSample.app */;
			productType = "com.apple.product-type.application";
		};
		C26C11E82105738F00B802A3 /* RxDataSourcesSampleTests */ = {
			isa = PBXNativeTarget;
			buildConfigurationList = C26C12002105738F00B802A3 /* Build configuration list for PBXNativeTarget "RxDataSourcesSampleTests" */;
			buildPhases = (
				2382A7392A32A45777C7F410 /* [CP] Check Pods Manifest.lock */,
				C26C11E52105738F00B802A3 /* Sources */,
				C26C11E62105738F00B802A3 /* Frameworks */,
				C26C11E72105738F00B802A3 /* Resources */,
			);
			buildRules = (
			);
			dependencies = (
				C26C11EB2105738F00B802A3 /* PBXTargetDependency */,
			);
			name = RxDataSourcesSampleTests;
			productName = RxDataSourcesSampleTests;
			productReference = C26C11E92105738F00B802A3 /* RxDataSourcesSampleTests.xctest */;
			productType = "com.apple.product-type.bundle.unit-test";
		};
		C26C11F32105738F00B802A3 /* RxDataSourcesSampleUITests */ = {
			isa = PBXNativeTarget;
			buildConfigurationList = C26C12032105738F00B802A3 /* Build configuration list for PBXNativeTarget "RxDataSourcesSampleUITests" */;
			buildPhases = (
				99343068384DA8CBB1145C4A /* [CP] Check Pods Manifest.lock */,
				C26C11F02105738F00B802A3 /* Sources */,
				C26C11F12105738F00B802A3 /* Frameworks */,
				C26C11F22105738F00B802A3 /* Resources */,
			);
			buildRules = (
			);
			dependencies = (
				C26C11F62105738F00B802A3 /* PBXTargetDependency */,
			);
			name = RxDataSourcesSampleUITests;
			productName = RxDataSourcesSampleUITests;
			productReference = C26C11F42105738F00B802A3 /* RxDataSourcesSampleUITests.xctest */;
			productType = "com.apple.product-type.bundle.ui-testing";
		};
/* End PBXNativeTarget section */

/* Begin PBXProject section */
		C26C11CD2105738E00B802A3 /* Project object */ = {
			isa = PBXProject;
			attributes = {
				LastSwiftUpdateCheck = 0940;
				LastUpgradeCheck = 0940;
				ORGANIZATIONNAME = "田中 厳貴";
				TargetAttributes = {
					C26C11D42105738E00B802A3 = {
						CreatedOnToolsVersion = 9.4.1;
					};
					C26C11E82105738F00B802A3 = {
						CreatedOnToolsVersion = 9.4.1;
						TestTargetID = C26C11D42105738E00B802A3;
					};
					C26C11F32105738F00B802A3 = {
						CreatedOnToolsVersion = 9.4.1;
						TestTargetID = C26C11D42105738E00B802A3;
					};
				};
			};
			buildConfigurationList = C26C11D02105738E00B802A3 /* Build configuration list for PBXProject "RxDataSourcesSample" */;
			compatibilityVersion = "Xcode 9.3";
			developmentRegion = en;
			hasScannedForEncodings = 0;
			knownRegions = (
				en,
				Base,
			);
			mainGroup = C26C11CC2105738E00B802A3;
			productRefGroup = C26C11D62105738E00B802A3 /* Products */;
			projectDirPath = "";
			projectRoot = "";
			targets = (
				C26C11D42105738E00B802A3 /* RxDataSourcesSample */,
				C26C11E82105738F00B802A3 /* RxDataSourcesSampleTests */,
				C26C11F32105738F00B802A3 /* RxDataSourcesSampleUITests */,
			);
		};
/* End PBXProject section */

/* Begin PBXResourcesBuildPhase section */
		C26C11D32105738E00B802A3 /* Resources */ = {
			isa = PBXResourcesBuildPhase;
			buildActionMask = 2147483647;
			files = (
				C26C11E32105738E00B802A3 /* LaunchScreen.storyboard in Resources */,
				C26C11E02105738E00B802A3 /* Assets.xcassets in Resources */,
				C26C11DE2105738E00B802A3 /* Main.storyboard in Resources */,
			);
			runOnlyForDeploymentPostprocessing = 0;
		};
		C26C11E72105738F00B802A3 /* Resources */ = {
			isa = PBXResourcesBuildPhase;
			buildActionMask = 2147483647;
			files = (
			);
			runOnlyForDeploymentPostprocessing = 0;
		};
		C26C11F22105738F00B802A3 /* Resources */ = {
			isa = PBXResourcesBuildPhase;
			buildActionMask = 2147483647;
			files = (
			);
			runOnlyForDeploymentPostprocessing = 0;
		};
/* End PBXResourcesBuildPhase section */

/* Begin PBXShellScriptBuildPhase section */
		2382A7392A32A45777C7F410 /* [CP] Check Pods Manifest.lock */ = {
			isa = PBXShellScriptBuildPhase;
			buildActionMask = 2147483647;
			files = (
			);
			inputPaths = (
				"${PODS_PODFILE_DIR_PATH}/Podfile.lock",
				"${PODS_ROOT}/Manifest.lock",
			);
			name = "[CP] Check Pods Manifest.lock";
			outputPaths = (
				"$(DERIVED_FILE_DIR)/Pods-RxDataSourcesSampleTests-checkManifestLockResult.txt",
			);
			runOnlyForDeploymentPostprocessing = 0;
			shellPath = /bin/sh;
			shellScript = "diff \"${PODS_PODFILE_DIR_PATH}/Podfile.lock\" \"${PODS_ROOT}/Manifest.lock\" > /dev/null\nif [ $? != 0 ] ; then\n    # print error to STDERR\n    echo \"error: The sandbox is not in sync with the Podfile.lock. Run 'pod install' or update your CocoaPods installation.\" >&2\n    exit 1\nfi\n# This output is used by Xcode 'outputs' to avoid re-running this script phase.\necho \"SUCCESS\" > \"${SCRIPT_OUTPUT_FILE_0}\"\n";
			showEnvVarsInLog = 0;
		};
		2C953A45E1EFF349F049F411 /* [CP] Embed Pods Frameworks */ = {
			isa = PBXShellScriptBuildPhase;
			buildActionMask = 2147483647;
			files = (
			);
			inputPaths = (
				"${SRCROOT}/Pods/Target Support Files/Pods-RxDataSourcesSample/Pods-RxDataSourcesSample-frameworks.sh",
				"${BUILT_PRODUCTS_DIR}/Differentiator/Differentiator.framework",
				"${BUILT_PRODUCTS_DIR}/RxCocoa/RxCocoa.framework",
				"${BUILT_PRODUCTS_DIR}/RxDataSources/RxDataSources.framework",
				"${BUILT_PRODUCTS_DIR}/RxSwift/RxSwift.framework",
			);
			name = "[CP] Embed Pods Frameworks";
			outputPaths = (
				"${TARGET_BUILD_DIR}/${FRAMEWORKS_FOLDER_PATH}/Differentiator.framework",
				"${TARGET_BUILD_DIR}/${FRAMEWORKS_FOLDER_PATH}/RxCocoa.framework",
				"${TARGET_BUILD_DIR}/${FRAMEWORKS_FOLDER_PATH}/RxDataSources.framework",
				"${TARGET_BUILD_DIR}/${FRAMEWORKS_FOLDER_PATH}/RxSwift.framework",
			);
			runOnlyForDeploymentPostprocessing = 0;
			shellPath = /bin/sh;
			shellScript = "\"${SRCROOT}/Pods/Target Support Files/Pods-RxDataSourcesSample/Pods-RxDataSourcesSample-frameworks.sh\"\n";
			showEnvVarsInLog = 0;
		};
		36AF09DAA2A8AC08C4036AEB /* [CP] Check Pods Manifest.lock */ = {
			isa = PBXShellScriptBuildPhase;
			buildActionMask = 2147483647;
			files = (
			);
			inputPaths = (
				"${PODS_PODFILE_DIR_PATH}/Podfile.lock",
				"${PODS_ROOT}/Manifest.lock",
			);
			name = "[CP] Check Pods Manifest.lock";
			outputPaths = (
				"$(DERIVED_FILE_DIR)/Pods-RxDataSourcesSample-checkManifestLockResult.txt",
			);
			runOnlyForDeploymentPostprocessing = 0;
			shellPath = /bin/sh;
			shellScript = "diff \"${PODS_PODFILE_DIR_PATH}/Podfile.lock\" \"${PODS_ROOT}/Manifest.lock\" > /dev/null\nif [ $? != 0 ] ; then\n    # print error to STDERR\n    echo \"error: The sandbox is not in sync with the Podfile.lock. Run 'pod install' or update your CocoaPods installation.\" >&2\n    exit 1\nfi\n# This output is used by Xcode 'outputs' to avoid re-running this script phase.\necho \"SUCCESS\" > \"${SCRIPT_OUTPUT_FILE_0}\"\n";
			showEnvVarsInLog = 0;
		};
		99343068384DA8CBB1145C4A /* [CP] Check Pods Manifest.lock */ = {
			isa = PBXShellScriptBuildPhase;
			buildActionMask = 2147483647;
			files = (
			);
			inputPaths = (
				"${PODS_PODFILE_DIR_PATH}/Podfile.lock",
				"${PODS_ROOT}/Manifest.lock",
			);
			name = "[CP] Check Pods Manifest.lock";
			outputPaths = (
				"$(DERIVED_FILE_DIR)/Pods-RxDataSourcesSampleUITests-checkManifestLockResult.txt",
			);
			runOnlyForDeploymentPostprocessing = 0;
			shellPath = /bin/sh;
			shellScript = "diff \"${PODS_PODFILE_DIR_PATH}/Podfile.lock\" \"${PODS_ROOT}/Manifest.lock\" > /dev/null\nif [ $? != 0 ] ; then\n    # print error to STDERR\n    echo \"error: The sandbox is not in sync with the Podfile.lock. Run 'pod install' or update your CocoaPods installation.\" >&2\n    exit 1\nfi\n# This output is used by Xcode 'outputs' to avoid re-running this script phase.\necho \"SUCCESS\" > \"${SCRIPT_OUTPUT_FILE_0}\"\n";
			showEnvVarsInLog = 0;
		};
/* End PBXShellScriptBuildPhase section */

/* Begin PBXSourcesBuildPhase section */
		C26C11D12105738E00B802A3 /* Sources */ = {
			isa = PBXSourcesBuildPhase;
			buildActionMask = 2147483647;
			files = (
				C26C11DB2105738E00B802A3 /* ViewController.swift in Sources */,
				C26C11D92105738E00B802A3 /* AppDelegate.swift in Sources */,
			);
			runOnlyForDeploymentPostprocessing = 0;
		};
		C26C11E52105738F00B802A3 /* Sources */ = {
			isa = PBXSourcesBuildPhase;
			buildActionMask = 2147483647;
			files = (
				C26C11EE2105738F00B802A3 /* RxDataSourcesSampleTests.swift in Sources */,
			);
			runOnlyForDeploymentPostprocessing = 0;
		};
		C26C11F02105738F00B802A3 /* Sources */ = {
			isa = PBXSourcesBuildPhase;
			buildActionMask = 2147483647;
			files = (
				C26C11F92105738F00B802A3 /* RxDataSourcesSampleUITests.swift in Sources */,
			);
			runOnlyForDeploymentPostprocessing = 0;
		};
/* End PBXSourcesBuildPhase section */

/* Begin PBXTargetDependency section */
		C26C11EB2105738F00B802A3 /* PBXTargetDependency */ = {
			isa = PBXTargetDependency;
			target = C26C11D42105738E00B802A3 /* RxDataSourcesSample */;
			targetProxy = C26C11EA2105738F00B802A3 /* PBXContainerItemProxy */;
		};
		C26C11F62105738F00B802A3 /* PBXTargetDependency */ = {
			isa = PBXTargetDependency;
			target = C26C11D42105738E00B802A3 /* RxDataSourcesSample */;
			targetProxy = C26C11F52105738F00B802A3 /* PBXContainerItemProxy */;
		};
/* End PBXTargetDependency section */

/* Begin PBXVariantGroup section */
		C26C11DC2105738E00B802A3 /* Main.storyboard */ = {
			isa = PBXVariantGroup;
			children = (
				C26C11DD2105738E00B802A3 /* Base */,
			);
			name = Main.storyboard;
			sourceTree = "<group>";
		};
		C26C11E12105738E00B802A3 /* LaunchScreen.storyboard */ = {
			isa = PBXVariantGroup;
			children = (
				C26C11E22105738E00B802A3 /* Base */,
			);
			name = LaunchScreen.storyboard;
			sourceTree = "<group>";
		};
/* End PBXVariantGroup section */

/* Begin XCBuildConfiguration section */
		C26C11FB2105738F00B802A3 /* Debug */ = {
			isa = XCBuildConfiguration;
			buildSettings = {
				ALWAYS_SEARCH_USER_PATHS = NO;
				CLANG_ANALYZER_NONNULL = YES;
				CLANG_ANALYZER_NUMBER_OBJECT_CONVERSION = YES_AGGRESSIVE;
				CLANG_CXX_LANGUAGE_STANDARD = "gnu++14";
				CLANG_CXX_LIBRARY = "libc++";
				CLANG_ENABLE_MODULES = YES;
				CLANG_ENABLE_OBJC_ARC = YES;
				CLANG_ENABLE_OBJC_WEAK = YES;
				CLANG_WARN_BLOCK_CAPTURE_AUTORELEASING = YES;
				CLANG_WARN_BOOL_CONVERSION = YES;
				CLANG_WARN_COMMA = YES;
				CLANG_WARN_CONSTANT_CONVERSION = YES;
				CLANG_WARN_DEPRECATED_OBJC_IMPLEMENTATIONS = YES;
				CLANG_WARN_DIRECT_OBJC_ISA_USAGE = YES_ERROR;
				CLANG_WARN_DOCUMENTATION_COMMENTS = YES;
				CLANG_WARN_EMPTY_BODY = YES;
				CLANG_WARN_ENUM_CONVERSION = YES;
				CLANG_WARN_INFINITE_RECURSION = YES;
				CLANG_WARN_INT_CONVERSION = YES;
				CLANG_WARN_NON_LITERAL_NULL_CONVERSION = YES;
				CLANG_WARN_OBJC_IMPLICIT_RETAIN_SELF = YES;
				CLANG_WARN_OBJC_LITERAL_CONVERSION = YES;
				CLANG_WARN_OBJC_ROOT_CLASS = YES_ERROR;
				CLANG_WARN_RANGE_LOOP_ANALYSIS = YES;
				CLANG_WARN_STRICT_PROTOTYPES = YES;
				CLANG_WARN_SUSPICIOUS_MOVE = YES;
				CLANG_WARN_UNGUARDED_AVAILABILITY = YES_AGGRESSIVE;
				CLANG_WARN_UNREACHABLE_CODE = YES;
				CLANG_WARN__DUPLICATE_METHOD_MATCH = YES;
				CODE_SIGN_IDENTITY = "iPhone Developer";
				COPY_PHASE_STRIP = NO;
				DEBUG_INFORMATION_FORMAT = dwarf;
				ENABLE_STRICT_OBJC_MSGSEND = YES;
				ENABLE_TESTABILITY = YES;
				GCC_C_LANGUAGE_STANDARD = gnu11;
				GCC_DYNAMIC_NO_PIC = NO;
				GCC_NO_COMMON_BLOCKS = YES;
				GCC_OPTIMIZATION_LEVEL = 0;
				GCC_PREPROCESSOR_DEFINITIONS = (
					"DEBUG=1",
					"$(inherited)",
				);
				GCC_WARN_64_TO_32_BIT_CONVERSION = YES;
				GCC_WARN_ABOUT_RETURN_TYPE = YES_ERROR;
				GCC_WARN_UNDECLARED_SELECTOR = YES;
				GCC_WARN_UNINITIALIZED_AUTOS = YES_AGGRESSIVE;
				GCC_WARN_UNUSED_FUNCTION = YES;
				GCC_WARN_UNUSED_VARIABLE = YES;
				IPHONEOS_DEPLOYMENT_TARGET = 11.4;
				MTL_ENABLE_DEBUG_INFO = YES;
				ONLY_ACTIVE_ARCH = YES;
				SDKROOT = iphoneos;
				SWIFT_ACTIVE_COMPILATION_CONDITIONS = DEBUG;
				SWIFT_OPTIMIZATION_LEVEL = "-Onone";
			};
			name = Debug;
		};
		C26C11FC2105738F00B802A3 /* Release */ = {
			isa = XCBuildConfiguration;
			buildSettings = {
				ALWAYS_SEARCH_USER_PATHS = NO;
				CLANG_ANALYZER_NONNULL = YES;
				CLANG_ANALYZER_NUMBER_OBJECT_CONVERSION = YES_AGGRESSIVE;
				CLANG_CXX_LANGUAGE_STANDARD = "gnu++14";
				CLANG_CXX_LIBRARY = "libc++";
				CLANG_ENABLE_MODULES = YES;
				CLANG_ENABLE_OBJC_ARC = YES;
				CLANG_ENABLE_OBJC_WEAK = YES;
				CLANG_WARN_BLOCK_CAPTURE_AUTORELEASING = YES;
				CLANG_WARN_BOOL_CONVERSION = YES;
				CLANG_WARN_COMMA = YES;
				CLANG_WARN_CONSTANT_CONVERSION = YES;
				CLANG_WARN_DEPRECATED_OBJC_IMPLEMENTATIONS = YES;
				CLANG_WARN_DIRECT_OBJC_ISA_USAGE = YES_ERROR;
				CLANG_WARN_DOCUMENTATION_COMMENTS = YES;
				CLANG_WARN_EMPTY_BODY = YES;
				CLANG_WARN_ENUM_CONVERSION = YES;
				CLANG_WARN_INFINITE_RECURSION = YES;
				CLANG_WARN_INT_CONVERSION = YES;
				CLANG_WARN_NON_LITERAL_NULL_CONVERSION = YES;
				CLANG_WARN_OBJC_IMPLICIT_RETAIN_SELF = YES;
				CLANG_WARN_OBJC_LITERAL_CONVERSION = YES;
				CLANG_WARN_OBJC_ROOT_CLASS = YES_ERROR;
				CLANG_WARN_RANGE_LOOP_ANALYSIS = YES;
				CLANG_WARN_STRICT_PROTOTYPES = YES;
				CLANG_WARN_SUSPICIOUS_MOVE = YES;
				CLANG_WARN_UNGUARDED_AVAILABILITY = YES_AGGRESSIVE;
				CLANG_WARN_UNREACHABLE_CODE = YES;
				CLANG_WARN__DUPLICATE_METHOD_MATCH = YES;
				CODE_SIGN_IDENTITY = "iPhone Developer";
				COPY_PHASE_STRIP = NO;
				DEBUG_INFORMATION_FORMAT = "dwarf-with-dsym";
				ENABLE_NS_ASSERTIONS = NO;
				ENABLE_STRICT_OBJC_MSGSEND = YES;
				GCC_C_LANGUAGE_STANDARD = gnu11;
				GCC_NO_COMMON_BLOCKS = YES;
				GCC_WARN_64_TO_32_BIT_CONVERSION = YES;
				GCC_WARN_ABOUT_RETURN_TYPE = YES_ERROR;
				GCC_WARN_UNDECLARED_SELECTOR = YES;
				GCC_WARN_UNINITIALIZED_AUTOS = YES_AGGRESSIVE;
				GCC_WARN_UNUSED_FUNCTION = YES;
				GCC_WARN_UNUSED_VARIABLE = YES;
				IPHONEOS_DEPLOYMENT_TARGET = 11.4;
				MTL_ENABLE_DEBUG_INFO = NO;
				SDKROOT = iphoneos;
				SWIFT_COMPILATION_MODE = wholemodule;
				SWIFT_OPTIMIZATION_LEVEL = "-O";
				VALIDATE_PRODUCT = YES;
			};
			name = Release;
		};
		C26C11FE2105738F00B802A3 /* Debug */ = {
			isa = XCBuildConfiguration;
			baseConfigurationReference = A715CC2EFD0E9463F7F487C0 /* Pods-RxDataSourcesSample.debug.xcconfig */;
			buildSettings = {
				ASSETCATALOG_COMPILER_APPICON_NAME = AppIcon;
				CODE_SIGN_STYLE = Automatic;
				DEVELOPMENT_TEAM = Z2M8H95Q7Z;
				INFOPLIST_FILE = RxDataSourcesSample/Info.plist;
				LD_RUNPATH_SEARCH_PATHS = (
					"$(inherited)",
					"@executable_path/Frameworks",
				);
				PRODUCT_BUNDLE_IDENTIFIER = "tanaka-itsuki.RxDataSourcesSample";
				PRODUCT_NAME = "$(TARGET_NAME)";
				SWIFT_VERSION = 4.0;
				TARGETED_DEVICE_FAMILY = "1,2";
			};
			name = Debug;
		};
		C26C11FF2105738F00B802A3 /* Release */ = {
			isa = XCBuildConfiguration;
			baseConfigurationReference = 3783F1BAE995D8412D6BB537 /* Pods-RxDataSourcesSample.release.xcconfig */;
			buildSettings = {
				ASSETCATALOG_COMPILER_APPICON_NAME = AppIcon;
				CODE_SIGN_STYLE = Automatic;
				DEVELOPMENT_TEAM = Z2M8H95Q7Z;
				INFOPLIST_FILE = RxDataSourcesSample/Info.plist;
				LD_RUNPATH_SEARCH_PATHS = (
					"$(inherited)",
					"@executable_path/Frameworks",
				);
				PRODUCT_BUNDLE_IDENTIFIER = "tanaka-itsuki.RxDataSourcesSample";
				PRODUCT_NAME = "$(TARGET_NAME)";
				SWIFT_VERSION = 4.0;
				TARGETED_DEVICE_FAMILY = "1,2";
			};
			name = Release;
		};
		C26C12012105738F00B802A3 /* Debug */ = {
			isa = XCBuildConfiguration;
			baseConfigurationReference = 53640EAF138D58D070597CE7 /* Pods-RxDataSourcesSampleTests.debug.xcconfig */;
			buildSettings = {
				ALWAYS_EMBED_SWIFT_STANDARD_LIBRARIES = YES;
				BUNDLE_LOADER = "$(TEST_HOST)";
				CODE_SIGN_STYLE = Automatic;
				DEVELOPMENT_TEAM = Z2M8H95Q7Z;
				INFOPLIST_FILE = RxDataSourcesSampleTests/Info.plist;
				LD_RUNPATH_SEARCH_PATHS = (
					"$(inherited)",
					"@executable_path/Frameworks",
					"@loader_path/Frameworks",
				);
				PRODUCT_BUNDLE_IDENTIFIER = "tanaka-itsuki.RxDataSourcesSampleTests";
				PRODUCT_NAME = "$(TARGET_NAME)";
				SWIFT_VERSION = 4.0;
				TARGETED_DEVICE_FAMILY = "1,2";
				TEST_HOST = "$(BUILT_PRODUCTS_DIR)/RxDataSourcesSample.app/RxDataSourcesSample";
			};
			name = Debug;
		};
		C26C12022105738F00B802A3 /* Release */ = {
			isa = XCBuildConfiguration;
			baseConfigurationReference = FE5B4C15296730FAD5232EAC /* Pods-RxDataSourcesSampleTests.release.xcconfig */;
			buildSettings = {
				ALWAYS_EMBED_SWIFT_STANDARD_LIBRARIES = YES;
				BUNDLE_LOADER = "$(TEST_HOST)";
				CODE_SIGN_STYLE = Automatic;
				DEVELOPMENT_TEAM = Z2M8H95Q7Z;
				INFOPLIST_FILE = RxDataSourcesSampleTests/Info.plist;
				LD_RUNPATH_SEARCH_PATHS = (
					"$(inherited)",
					"@executable_path/Frameworks",
					"@loader_path/Frameworks",
				);
				PRODUCT_BUNDLE_IDENTIFIER = "tanaka-itsuki.RxDataSourcesSampleTests";
				PRODUCT_NAME = "$(TARGET_NAME)";
				SWIFT_VERSION = 4.0;
				TARGETED_DEVICE_FAMILY = "1,2";
				TEST_HOST = "$(BUILT_PRODUCTS_DIR)/RxDataSourcesSample.app/RxDataSourcesSample";
			};
			name = Release;
		};
		C26C12042105738F00B802A3 /* Debug */ = {
			isa = XCBuildConfiguration;
			baseConfigurationReference = 2465D698909E396B926C6D99 /* Pods-RxDataSourcesSampleUITests.debug.xcconfig */;
			buildSettings = {
				ALWAYS_EMBED_SWIFT_STANDARD_LIBRARIES = YES;
				CODE_SIGN_STYLE = Automatic;
				DEVELOPMENT_TEAM = Z2M8H95Q7Z;
				INFOPLIST_FILE = RxDataSourcesSampleUITests/Info.plist;
				LD_RUNPATH_SEARCH_PATHS = (
					"$(inherited)",
					"@executable_path/Frameworks",
					"@loader_path/Frameworks",
				);
				PRODUCT_BUNDLE_IDENTIFIER = "tanaka-itsuki.RxDataSourcesSampleUITests";
				PRODUCT_NAME = "$(TARGET_NAME)";
				SWIFT_VERSION = 4.0;
				TARGETED_DEVICE_FAMILY = "1,2";
				TEST_TARGET_NAME = RxDataSourcesSample;
			};
			name = Debug;
		};
		C26C12052105738F00B802A3 /* Release */ = {
			isa = XCBuildConfiguration;
			baseConfigurationReference = 75988A11B1C5194C5607E820 /* Pods-RxDataSourcesSampleUITests.release.xcconfig */;
			buildSettings = {
				ALWAYS_EMBED_SWIFT_STANDARD_LIBRARIES = YES;
				CODE_SIGN_STYLE = Automatic;
				DEVELOPMENT_TEAM = Z2M8H95Q7Z;
				INFOPLIST_FILE = RxDataSourcesSampleUITests/Info.plist;
				LD_RUNPATH_SEARCH_PATHS = (
					"$(inherited)",
					"@executable_path/Frameworks",
					"@loader_path/Frameworks",
				);
				PRODUCT_BUNDLE_IDENTIFIER = "tanaka-itsuki.RxDataSourcesSampleUITests";
				PRODUCT_NAME = "$(TARGET_NAME)";
				SWIFT_VERSION = 4.0;
				TARGETED_DEVICE_FAMILY = "1,2";
				TEST_TARGET_NAME = RxDataSourcesSample;
			};
			name = Release;
		};
/* End XCBuildConfiguration section */

/* Begin XCConfigurationList section */
		C26C11D02105738E00B802A3 /* Build configuration list for PBXProject "RxDataSourcesSample" */ = {
			isa = XCConfigurationList;
			buildConfigurations = (
				C26C11FB2105738F00B802A3 /* Debug */,
				C26C11FC2105738F00B802A3 /* Release */,
			);
			defaultConfigurationIsVisible = 0;
			defaultConfigurationName = Release;
		};
		C26C11FD2105738F00B802A3 /* Build configuration list for PBXNativeTarget "RxDataSourcesSample" */ = {
			isa = XCConfigurationList;
			buildConfigurations = (
				C26C11FE2105738F00B802A3 /* Debug */,
				C26C11FF2105738F00B802A3 /* Release */,
			);
			defaultConfigurationIsVisible = 0;
			defaultConfigurationName = Release;
		};
		C26C12002105738F00B802A3 /* Build configuration list for PBXNativeTarget "RxDataSourcesSampleTests" */ = {
			isa = XCConfigurationList;
			buildConfigurations = (
				C26C12012105738F00B802A3 /* Debug */,
				C26C12022105738F00B802A3 /* Release */,
			);
			defaultConfigurationIsVisible = 0;
			defaultConfigurationName = Release;
		};
		C26C12032105738F00B802A3 /* Build configuration list for PBXNativeTarget "RxDataSourcesSampleUITests" */ = {
			isa = XCConfigurationList;
			buildConfigurations = (
				C26C12042105738F00B802A3 /* Debug */,
				C26C12052105738F00B802A3 /* Release */,
			);
			defaultConfigurationIsVisible = 0;
			defaultConfigurationName = Release;
		};
/* End XCConfigurationList section */
	};
	rootObject = C26C11CD2105738E00B802A3 /* Project object */;
}
